// !$*UTF8*$!
{
	archiveVersion = 1;
	classes = {
	};
	objectVersion = 56;
	objects = {

/* Begin PBXBuildFile section */
		240815432C58C80300886D1E /* AppDelegate.swift in Sources */ = {isa = PBXBuildFile; fileRef = 240815422C58C80300886D1E /* AppDelegate.swift */; };
		240815452C58C80300886D1E /* SceneDelegate.swift in Sources */ = {isa = PBXBuildFile; fileRef = 240815442C58C80300886D1E /* SceneDelegate.swift */; };
		240815472C58C80300886D1E /* BasicButtonViewController.swift in Sources */ = {isa = PBXBuildFile; fileRef = 240815462C58C80300886D1E /* BasicButtonViewController.swift */; };
		2408154C2C58C80400886D1E /* Assets.xcassets in Resources */ = {isa = PBXBuildFile; fileRef = 2408154B2C58C80400886D1E /* Assets.xcassets */; };
		2408154F2C58C80400886D1E /* Base in Resources */ = {isa = PBXBuildFile; fileRef = 2408154E2C58C80400886D1E /* Base */; };
		240815572C58C81500886D1E /* .gitignore in Resources */ = {isa = PBXBuildFile; fileRef = 240815562C58C81500886D1E /* .gitignore */; };
		2408155A2C58CD2D00886D1E /* RxCocoa in Frameworks */ = {isa = PBXBuildFile; productRef = 240815592C58CD2D00886D1E /* RxCocoa */; };
		2408155C2C58CD2D00886D1E /* RxSwift in Frameworks */ = {isa = PBXBuildFile; productRef = 2408155B2C58CD2D00886D1E /* RxSwift */; };
		2408155F2C58CD3900886D1E /* SnapKit in Frameworks */ = {isa = PBXBuildFile; productRef = 2408155E2C58CD3900886D1E /* SnapKit */; };
/* End PBXBuildFile section */

/* Begin PBXFileReference section */
		2408153F2C58C80300886D1E /* RxSwiftPractice.app */ = {isa = PBXFileReference; explicitFileType = wrapper.application; includeInIndex = 0; path = RxSwiftPractice.app; sourceTree = BUILT_PRODUCTS_DIR; };
		240815422C58C80300886D1E /* AppDelegate.swift */ = {isa = PBXFileReference; lastKnownFileType = sourcecode.swift; path = AppDelegate.swift; sourceTree = "<group>"; };
		240815442C58C80300886D1E /* SceneDelegate.swift */ = {isa = PBXFileReference; lastKnownFileType = sourcecode.swift; path = SceneDelegate.swift; sourceTree = "<group>"; };
		240815462C58C80300886D1E /* BasicButtonViewController.swift */ = {isa = PBXFileReference; lastKnownFileType = sourcecode.swift; path = BasicButtonViewController.swift; sourceTree = "<group>"; };
		2408154B2C58C80400886D1E /* Assets.xcassets */ = {isa = PBXFileReference; lastKnownFileType = folder.assetcatalog; path = Assets.xcassets; sourceTree = "<group>"; };
		2408154E2C58C80400886D1E /* Base */ = {isa = PBXFileReference; lastKnownFileType = file.storyboard; name = Base; path = Base.lproj/LaunchScreen.storyboard; sourceTree = "<group>"; };
		240815502C58C80400886D1E /* Info.plist */ = {isa = PBXFileReference; lastKnownFileType = text.plist.xml; path = Info.plist; sourceTree = "<group>"; };
		240815562C58C81500886D1E /* .gitignore */ = {isa = PBXFileReference; lastKnownFileType = text; path = .gitignore; sourceTree = "<group>"; };
/* End PBXFileReference section */

/* Begin PBXFrameworksBuildPhase section */
		2408153C2C58C80300886D1E /* Frameworks */ = {
			isa = PBXFrameworksBuildPhase;
			buildActionMask = 2147483647;
			files = (
				2408155F2C58CD3900886D1E /* SnapKit in Frameworks */,
				2408155C2C58CD2D00886D1E /* RxSwift in Frameworks */,
				2408155A2C58CD2D00886D1E /* RxCocoa in Frameworks */,
			);
			runOnlyForDeploymentPostprocessing = 0;
		};
/* End PBXFrameworksBuildPhase section */

/* Begin PBXGroup section */
		240815362C58C80300886D1E = {
			isa = PBXGroup;
			children = (
				240815562C58C81500886D1E /* .gitignore */,
				240815412C58C80300886D1E /* RxSwiftPractice */,
				240815402C58C80300886D1E /* Products */,
			);
			sourceTree = "<group>";
		};
		240815402C58C80300886D1E /* Products */ = {
			isa = PBXGroup;
			children = (
				2408153F2C58C80300886D1E /* RxSwiftPractice.app */,
			);
			name = Products;
			sourceTree = "<group>";
		};
		240815412C58C80300886D1E /* RxSwiftPractice */ = {
			isa = PBXGroup;
			children = (
				240815422C58C80300886D1E /* AppDelegate.swift */,
				240815442C58C80300886D1E /* SceneDelegate.swift */,
				240815462C58C80300886D1E /* BasicButtonViewController.swift */,
				2408154B2C58C80400886D1E /* Assets.xcassets */,
				2408154D2C58C80400886D1E /* LaunchScreen.storyboard */,
				240815502C58C80400886D1E /* Info.plist */,
			);
			path = RxSwiftPractice;
			sourceTree = "<group>";
		};
/* End PBXGroup section */

/* Begin PBXNativeTarget section */
		2408153E2C58C80300886D1E /* RxSwiftPractice */ = {
			isa = PBXNativeTarget;
			buildConfigurationList = 240815532C58C80400886D1E /* Build configuration list for PBXNativeTarget "RxSwiftPractice" */;
			buildPhases = (
				2408153B2C58C80300886D1E /* Sources */,
				2408153C2C58C80300886D1E /* Frameworks */,
				2408153D2C58C80300886D1E /* Resources */,
			);
			buildRules = (
			);
			dependencies = (
			);
			name = RxSwiftPractice;
			packageProductDependencies = (
				240815592C58CD2D00886D1E /* RxCocoa */,
				2408155B2C58CD2D00886D1E /* RxSwift */,
				2408155E2C58CD3900886D1E /* SnapKit */,
			);
			productName = RxSwiftPractice;
			productReference = 2408153F2C58C80300886D1E /* RxSwiftPractice.app */;
			productType = "com.apple.product-type.application";
		};
/* End PBXNativeTarget section */

/* Begin PBXProject section */
		240815372C58C80300886D1E /* Project object */ = {
			isa = PBXProject;
			attributes = {
				BuildIndependentTargetsInParallel = 1;
				LastSwiftUpdateCheck = 1540;
				LastUpgradeCheck = 1540;
				TargetAttributes = {
					2408153E2C58C80300886D1E = {
						CreatedOnToolsVersion = 15.4;
					};
				};
			};
			buildConfigurationList = 2408153A2C58C80300886D1E /* Build configuration list for PBXProject "RxSwiftPractice" */;
			compatibilityVersion = "Xcode 14.0";
			developmentRegion = en;
			hasScannedForEncodings = 0;
			knownRegions = (
				en,
				Base,
			);
			mainGroup = 240815362C58C80300886D1E;
			packageReferences = (
				240815582C58CD2D00886D1E /* XCRemoteSwiftPackageReference "RxSwift" */,
				2408155D2C58CD3900886D1E /* XCRemoteSwiftPackageReference "SnapKit" */,
			);
			productRefGroup = 240815402C58C80300886D1E /* Products */;
			projectDirPath = "";
			projectRoot = "";
			targets = (
				2408153E2C58C80300886D1E /* RxSwiftPractice */,
			);
		};
/* End PBXProject section */

/* Begin PBXResourcesBuildPhase section */
		2408153D2C58C80300886D1E /* Resources */ = {
			isa = PBXResourcesBuildPhase;
			buildActionMask = 2147483647;
			files = (
				240815572C58C81500886D1E /* .gitignore in Resources */,
				2408154C2C58C80400886D1E /* Assets.xcassets in Resources */,
				2408154F2C58C80400886D1E /* Base in Resources */,
			);
			runOnlyForDeploymentPostprocessing = 0;
		};
/* End PBXResourcesBuildPhase section */

/* Begin PBXSourcesBuildPhase section */
		2408153B2C58C80300886D1E /* Sources */ = {
			isa = PBXSourcesBuildPhase;
			buildActionMask = 2147483647;
			files = (
				240815472C58C80300886D1E /* BasicButtonViewController.swift in Sources */,
				240815432C58C80300886D1E /* AppDelegate.swift in Sources */,
				240815452C58C80300886D1E /* SceneDelegate.swift in Sources */,
			);
			runOnlyForDeploymentPostprocessing = 0;
		};
/* End PBXSourcesBuildPhase section */

/* Begin PBXVariantGroup section */
		2408154D2C58C80400886D1E /* LaunchScreen.storyboard */ = {
			isa = PBXVariantGroup;
			children = (
				2408154E2C58C80400886D1E /* Base */,
			);
			name = LaunchScreen.storyboard;
			sourceTree = "<group>";
		};
/* End PBXVariantGroup section */

/* Begin XCBuildConfiguration section */
		240815512C58C80400886D1E /* Debug */ = {
			isa = XCBuildConfiguration;
			buildSettings = {
				ALWAYS_SEARCH_USER_PATHS = NO;
				ASSETCATALOG_COMPILER_GENERATE_SWIFT_ASSET_SYMBOL_EXTENSIONS = YES;
				CLANG_ANALYZER_NONNULL = YES;
				CLANG_ANALYZER_NUMBER_OBJECT_CONVERSION = YES_AGGRESSIVE;
				CLANG_CXX_LANGUAGE_STANDARD = "gnu++20";
				CLANG_ENABLE_MODULES = YES;
				CLANG_ENABLE_OBJC_ARC = YES;
				CLANG_ENABLE_OBJC_WEAK = YES;
				CLANG_WARN_BLOCK_CAPTURE_AUTORELEASING = YES;
				CLANG_WARN_BOOL_CONVERSION = YES;
				CLANG_WARN_COMMA = YES;
				CLANG_WARN_CONSTANT_CONVERSION = YES;
				CLANG_WARN_DEPRECATED_OBJC_IMPLEMENTATIONS = YES;
				CLANG_WARN_DIRECT_OBJC_ISA_USAGE = YES_ERROR;
				CLANG_WARN_DOCUMENTATION_COMMENTS = YES;
				CLANG_WARN_EMPTY_BODY = YES;
				CLANG_WARN_ENUM_CONVERSION = YES;
				CLANG_WARN_INFINITE_RECURSION = YES;
				CLANG_WARN_INT_CONVERSION = YES;
				CLANG_WARN_NON_LITERAL_NULL_CONVERSION = YES;
				CLANG_WARN_OBJC_IMPLICIT_RETAIN_SELF = YES;
				CLANG_WARN_OBJC_LITERAL_CONVERSION = YES;
				CLANG_WARN_OBJC_ROOT_CLASS = YES_ERROR;
				CLANG_WARN_QUOTED_INCLUDE_IN_FRAMEWORK_HEADER = YES;
				CLANG_WARN_RANGE_LOOP_ANALYSIS = YES;
				CLANG_WARN_STRICT_PROTOTYPES = YES;
				CLANG_WARN_SUSPICIOUS_MOVE = YES;
				CLANG_WARN_UNGUARDED_AVAILABILITY = YES_AGGRESSIVE;
				CLANG_WARN_UNREACHABLE_CODE = YES;
				CLANG_WARN__DUPLICATE_METHOD_MATCH = YES;
				COPY_PHASE_STRIP = NO;
				DEBUG_INFORMATION_FORMAT = dwarf;
				ENABLE_STRICT_OBJC_MSGSEND = YES;
				ENABLE_TESTABILITY = YES;
				ENABLE_USER_SCRIPT_SANDBOXING = YES;
				GCC_C_LANGUAGE_STANDARD = gnu17;
				GCC_DYNAMIC_NO_PIC = NO;
				GCC_NO_COMMON_BLOCKS = YES;
				GCC_OPTIMIZATION_LEVEL = 0;
				GCC_PREPROCESSOR_DEFINITIONS = (
					"DEBUG=1",
					"$(inherited)",
				);
				GCC_WARN_64_TO_32_BIT_CONVERSION = YES;
				GCC_WARN_ABOUT_RETURN_TYPE = YES_ERROR;
				GCC_WARN_UNDECLARED_SELECTOR = YES;
				GCC_WARN_UNINITIALIZED_AUTOS = YES_AGGRESSIVE;
				GCC_WARN_UNUSED_FUNCTION = YES;
				GCC_WARN_UNUSED_VARIABLE = YES;
				IPHONEOS_DEPLOYMENT_TARGET = 17.5;
				LOCALIZATION_PREFERS_STRING_CATALOGS = YES;
				MTL_ENABLE_DEBUG_INFO = INCLUDE_SOURCE;
				MTL_FAST_MATH = YES;
				ONLY_ACTIVE_ARCH = YES;
				SDKROOT = iphoneos;
				SWIFT_ACTIVE_COMPILATION_CONDITIONS = "DEBUG $(inherited)";
				SWIFT_OPTIMIZATION_LEVEL = "-Onone";
			};
			name = Debug;
		};
		240815522C58C80400886D1E /* Release */ = {
			isa = XCBuildConfiguration;
			buildSettings = {
				ALWAYS_SEARCH_USER_PATHS = NO;
				ASSETCATALOG_COMPILER_GENERATE_SWIFT_ASSET_SYMBOL_EXTENSIONS = YES;
				CLANG_ANALYZER_NONNULL = YES;
				CLANG_ANALYZER_NUMBER_OBJECT_CONVERSION = YES_AGGRESSIVE;
				CLANG_CXX_LANGUAGE_STANDARD = "gnu++20";
				CLANG_ENABLE_MODULES = YES;
				CLANG_ENABLE_OBJC_ARC = YES;
				CLANG_ENABLE_OBJC_WEAK = YES;
				CLANG_WARN_BLOCK_CAPTURE_AUTORELEASING = YES;
				CLANG_WARN_BOOL_CONVERSION = YES;
				CLANG_WARN_COMMA = YES;
				CLANG_WARN_CONSTANT_CONVERSION = YES;
				CLANG_WARN_DEPRECATED_OBJC_IMPLEMENTATIONS = YES;
				CLANG_WARN_DIRECT_OBJC_ISA_USAGE = YES_ERROR;
				CLANG_WARN_DOCUMENTATION_COMMENTS = YES;
				CLANG_WARN_EMPTY_BODY = YES;
				CLANG_WARN_ENUM_CONVERSION = YES;
				CLANG_WARN_INFINITE_RECURSION = YES;
				CLANG_WARN_INT_CONVERSION = YES;
				CLANG_WARN_NON_LITERAL_NULL_CONVERSION = YES;
				CLANG_WARN_OBJC_IMPLICIT_RETAIN_SELF = YES;
				CLANG_WARN_OBJC_LITERAL_CONVERSION = YES;
				CLANG_WARN_OBJC_ROOT_CLASS = YES_ERROR;
				CLANG_WARN_QUOTED_INCLUDE_IN_FRAMEWORK_HEADER = YES;
				CLANG_WARN_RANGE_LOOP_ANALYSIS = YES;
				CLANG_WARN_STRICT_PROTOTYPES = YES;
				CLANG_WARN_SUSPICIOUS_MOVE = YES;
				CLANG_WARN_UNGUARDED_AVAILABILITY = YES_AGGRESSIVE;
				CLANG_WARN_UNREACHABLE_CODE = YES;
				CLANG_WARN__DUPLICATE_METHOD_MATCH = YES;
				COPY_PHASE_STRIP = NO;
				DEBUG_INFORMATION_FORMAT = "dwarf-with-dsym";
				ENABLE_NS_ASSERTIONS = NO;
				ENABLE_STRICT_OBJC_MSGSEND = YES;
				ENABLE_USER_SCRIPT_SANDBOXING = YES;
				GCC_C_LANGUAGE_STANDARD = gnu17;
				GCC_NO_COMMON_BLOCKS = YES;
				GCC_WARN_64_TO_32_BIT_CONVERSION = YES;
				GCC_WARN_ABOUT_RETURN_TYPE = YES_ERROR;
				GCC_WARN_UNDECLARED_SELECTOR = YES;
				GCC_WARN_UNINITIALIZED_AUTOS = YES_AGGRESSIVE;
				GCC_WARN_UNUSED_FUNCTION = YES;
				GCC_WARN_UNUSED_VARIABLE = YES;
				IPHONEOS_DEPLOYMENT_TARGET = 17.5;
				LOCALIZATION_PREFERS_STRING_CATALOGS = YES;
				MTL_ENABLE_DEBUG_INFO = NO;
				MTL_FAST_MATH = YES;
				SDKROOT = iphoneos;
				SWIFT_COMPILATION_MODE = wholemodule;
				VALIDATE_PRODUCT = YES;
			};
			name = Release;
		};
		240815542C58C80400886D1E /* Debug */ = {
			isa = XCBuildConfiguration;
			buildSettings = {
				ASSETCATALOG_COMPILER_APPICON_NAME = AppIcon;
				ASSETCATALOG_COMPILER_GLOBAL_ACCENT_COLOR_NAME = AccentColor;
				CODE_SIGN_STYLE = Automatic;
				CURRENT_PROJECT_VERSION = 1;
				DEVELOPMENT_TEAM = Z6H2JVV9PA;
				GENERATE_INFOPLIST_FILE = YES;
				INFOPLIST_FILE = RxSwiftPractice/Info.plist;
				INFOPLIST_KEY_UIApplicationSupportsIndirectInputEvents = YES;
				INFOPLIST_KEY_UILaunchStoryboardName = LaunchScreen;
				INFOPLIST_KEY_UISupportedInterfaceOrientations_iPad = "UIInterfaceOrientationPortrait UIInterfaceOrientationPortraitUpsideDown UIInterfaceOrientationLandscapeLeft UIInterfaceOrientationLandscapeRight";
				INFOPLIST_KEY_UISupportedInterfaceOrientations_iPhone = "UIInterfaceOrientationPortrait UIInterfaceOrientationLandscapeLeft UIInterfaceOrientationLandscapeRight";
				LD_RUNPATH_SEARCH_PATHS = (
					"$(inherited)",
					"@executable_path/Frameworks",
				);
				MARKETING_VERSION = 1.0;
				PRODUCT_BUNDLE_IDENTIFIER = com.ksm.RxSwiftPractice;
				PRODUCT_NAME = "$(TARGET_NAME)";
				SWIFT_EMIT_LOC_STRINGS = YES;
				SWIFT_VERSION = 5.0;
				TARGETED_DEVICE_FAMILY = "1,2";
			};
			name = Debug;
		};
		240815552C58C80400886D1E /* Release */ = {
			isa = XCBuildConfiguration;
			buildSettings = {
				ASSETCATALOG_COMPILER_APPICON_NAME = AppIcon;
				ASSETCATALOG_COMPILER_GLOBAL_ACCENT_COLOR_NAME = AccentColor;
				CODE_SIGN_STYLE = Automatic;
				CURRENT_PROJECT_VERSION = 1;
				DEVELOPMENT_TEAM = Z6H2JVV9PA;
				GENERATE_INFOPLIST_FILE = YES;
				INFOPLIST_FILE = RxSwiftPractice/Info.plist;
				INFOPLIST_KEY_UIApplicationSupportsIndirectInputEvents = YES;
				INFOPLIST_KEY_UILaunchStoryboardName = LaunchScreen;
				INFOPLIST_KEY_UISupportedInterfaceOrientations_iPad = "UIInterfaceOrientationPortrait UIInterfaceOrientationPortraitUpsideDown UIInterfaceOrientationLandscapeLeft UIInterfaceOrientationLandscapeRight";
				INFOPLIST_KEY_UISupportedInterfaceOrientations_iPhone = "UIInterfaceOrientationPortrait UIInterfaceOrientationLandscapeLeft UIInterfaceOrientationLandscapeRight";
				LD_RUNPATH_SEARCH_PATHS = (
					"$(inherited)",
					"@executable_path/Frameworks",
				);
				MARKETING_VERSION = 1.0;
				PRODUCT_BUNDLE_IDENTIFIER = com.ksm.RxSwiftPractice;
				PRODUCT_NAME = "$(TARGET_NAME)";
				SWIFT_EMIT_LOC_STRINGS = YES;
				SWIFT_VERSION = 5.0;
				TARGETED_DEVICE_FAMILY = "1,2";
			};
			name = Release;
		};
/* End XCBuildConfiguration section */

/* Begin XCConfigurationList section */
		2408153A2C58C80300886D1E /* Build configuration list for PBXProject "RxSwiftPractice" */ = {
			isa = XCConfigurationList;
			buildConfigurations = (
				240815512C58C80400886D1E /* Debug */,
				240815522C58C80400886D1E /* Release */,
			);
			defaultConfigurationIsVisible = 0;
			defaultConfigurationName = Release;
		};
		240815532C58C80400886D1E /* Build configuration list for PBXNativeTarget "RxSwiftPractice" */ = {
			isa = XCConfigurationList;
			buildConfigurations = (
				240815542C58C80400886D1E /* Debug */,
				240815552C58C80400886D1E /* Release */,
			);
			defaultConfigurationIsVisible = 0;
			defaultConfigurationName = Release;
		};
/* End XCConfigurationList section */

/* Begin XCRemoteSwiftPackageReference section */
		240815582C58CD2D00886D1E /* XCRemoteSwiftPackageReference "RxSwift" */ = {
			isa = XCRemoteSwiftPackageReference;
			repositoryURL = "https://github.com/ReactiveX/RxSwift.git";
			requirement = {
				kind = upToNextMajorVersion;
				minimumVersion = 6.7.1;
			};
		};
		2408155D2C58CD3900886D1E /* XCRemoteSwiftPackageReference "SnapKit" */ = {
			isa = XCRemoteSwiftPackageReference;
			repositoryURL = "https://github.com/SnapKit/SnapKit";
			requirement = {
				kind = upToNextMajorVersion;
				minimumVersion = 5.7.1;
			};
		};
/* End XCRemoteSwiftPackageReference section */

/* Begin XCSwiftPackageProductDependency section */
		240815592C58CD2D00886D1E /* RxCocoa */ = {
			isa = XCSwiftPackageProductDependency;
			package = 240815582C58CD2D00886D1E /* XCRemoteSwiftPackageReference "RxSwift" */;
			productName = RxCocoa;
		};
		2408155B2C58CD2D00886D1E /* RxSwift */ = {
			isa = XCSwiftPackageProductDependency;
			package = 240815582C58CD2D00886D1E /* XCRemoteSwiftPackageReference "RxSwift" */;
			productName = RxSwift;
		};
		2408155E2C58CD3900886D1E /* SnapKit */ = {
			isa = XCSwiftPackageProductDependency;
			package = 2408155D2C58CD3900886D1E /* XCRemoteSwiftPackageReference "SnapKit" */;
			productName = SnapKit;
		};
/* End XCSwiftPackageProductDependency section */
	};
	rootObject = 240815372C58C80300886D1E /* Project object */;
}
